# THIS IS AN AUTOGENERATED FILE. DO NOT EDIT THIS FILE DIRECTLY.
# yarn lockfile v1


"rhinodeploy-cli@git+https://ab1e60bc7d1ea8f0cef2d98a042749dee2741f8c:x-oauth-basic@github.com/rhinogram/rhinodeploy.git#cli":
  version "1.0.0"
  resolved "git+https://ab1e60bc7d1ea8f0cef2d98a042749dee2741f8c:x-oauth-basic@github.com/rhinogram/rhinodeploy.git#016c70304888a3003b9ac951ba0611a00ad9961e"
